// !$*UTF8*$!
{
	archiveVersion = 1;
	classes = {
	};
	objectVersion = 55;
	objects = {

/* Begin PBXBuildFile section */
		1A00A998258423EC3472B7C0 /* Pods_LantechSnap.framework in Frameworks */ = {isa = PBXBuildFile; fileRef = 45C2C98A9FF1B13FE6934A33 /* Pods_LantechSnap.framework */; };
		8476B38627A6710D005D7A27 /* .gitignore in Resources */ = {isa = PBXBuildFile; fileRef = 8476B38527A6710D005D7A27 /* .gitignore */; };
		847953B427A18E3700085965 /* AppDelegate.swift in Sources */ = {isa = PBXBuildFile; fileRef = 847953B327A18E3700085965 /* AppDelegate.swift */; };
		847953B627A18E3700085965 /* SceneDelegate.swift in Sources */ = {isa = PBXBuildFile; fileRef = 847953B527A18E3700085965 /* SceneDelegate.swift */; };
		847953B827A18E3700085965 /* ViewController.swift in Sources */ = {isa = PBXBuildFile; fileRef = 847953B727A18E3700085965 /* ViewController.swift */; };
		847953BB27A18E3700085965 /* Main.storyboard in Resources */ = {isa = PBXBuildFile; fileRef = 847953B927A18E3700085965 /* Main.storyboard */; };
		847953BD27A18E3800085965 /* Assets.xcassets in Resources */ = {isa = PBXBuildFile; fileRef = 847953BC27A18E3800085965 /* Assets.xcassets */; };
		847953C027A18E3800085965 /* LaunchScreen.storyboard in Resources */ = {isa = PBXBuildFile; fileRef = 847953BE27A18E3800085965 /* LaunchScreen.storyboard */; };
/* End PBXBuildFile section */

/* Begin PBXFileReference section */
		45C2C98A9FF1B13FE6934A33 /* Pods_LantechSnap.framework */ = {isa = PBXFileReference; explicitFileType = wrapper.framework; includeInIndex = 0; path = Pods_LantechSnap.framework; sourceTree = BUILT_PRODUCTS_DIR; };
		8476B38527A6710D005D7A27 /* .gitignore */ = {isa = PBXFileReference; lastKnownFileType = text; path = .gitignore; sourceTree = "<group>"; };
		847953B027A18E3700085965 /* LantechSnap.app */ = {isa = PBXFileReference; explicitFileType = wrapper.application; includeInIndex = 0; path = LantechSnap.app; sourceTree = BUILT_PRODUCTS_DIR; };
		847953B327A18E3700085965 /* AppDelegate.swift */ = {isa = PBXFileReference; lastKnownFileType = sourcecode.swift; path = AppDelegate.swift; sourceTree = "<group>"; };
		847953B527A18E3700085965 /* SceneDelegate.swift */ = {isa = PBXFileReference; lastKnownFileType = sourcecode.swift; path = SceneDelegate.swift; sourceTree = "<group>"; };
		847953B727A18E3700085965 /* ViewController.swift */ = {isa = PBXFileReference; lastKnownFileType = sourcecode.swift; path = ViewController.swift; sourceTree = "<group>"; };
		847953BA27A18E3700085965 /* Base */ = {isa = PBXFileReference; lastKnownFileType = file.storyboard; name = Base; path = Base.lproj/Main.storyboard; sourceTree = "<group>"; };
		847953BC27A18E3800085965 /* Assets.xcassets */ = {isa = PBXFileReference; lastKnownFileType = folder.assetcatalog; path = Assets.xcassets; sourceTree = "<group>"; };
		847953BF27A18E3800085965 /* Base */ = {isa = PBXFileReference; lastKnownFileType = file.storyboard; name = Base; path = Base.lproj/LaunchScreen.storyboard; sourceTree = "<group>"; };
		847953C127A18E3800085965 /* Info.plist */ = {isa = PBXFileReference; lastKnownFileType = text.plist.xml; path = Info.plist; sourceTree = "<group>"; };
		84E5140E27A3E0F800A76637 /* MyPlayground.playground */ = {isa = PBXFileReference; lastKnownFileType = file.playground; path = MyPlayground.playground; sourceTree = "<group>"; xcLanguageSpecificationIdentifier = xcode.lang.swift; };
		C29F6E384ACBB218FF185068 /* Pods-LantechSnap.release.xcconfig */ = {isa = PBXFileReference; includeInIndex = 1; lastKnownFileType = text.xcconfig; name = "Pods-LantechSnap.release.xcconfig"; path = "Target Support Files/Pods-LantechSnap/Pods-LantechSnap.release.xcconfig"; sourceTree = "<group>"; };
		CC37FEAF2DF5658B25B6B23F /* Pods-LantechSnap.debug.xcconfig */ = {isa = PBXFileReference; includeInIndex = 1; lastKnownFileType = text.xcconfig; name = "Pods-LantechSnap.debug.xcconfig"; path = "Target Support Files/Pods-LantechSnap/Pods-LantechSnap.debug.xcconfig"; sourceTree = "<group>"; };
/* End PBXFileReference section */

/* Begin PBXFrameworksBuildPhase section */
		847953AD27A18E3700085965 /* Frameworks */ = {
			isa = PBXFrameworksBuildPhase;
			buildActionMask = 2147483647;
			files = (
				1A00A998258423EC3472B7C0 /* Pods_LantechSnap.framework in Frameworks */,
			);
			runOnlyForDeploymentPostprocessing = 0;
		};
/* End PBXFrameworksBuildPhase section */

/* Begin PBXGroup section */
		06B57E15D88E0161C33F4714 /* Frameworks */ = {
			isa = PBXGroup;
			children = (
				45C2C98A9FF1B13FE6934A33 /* Pods_LantechSnap.framework */,
			);
			name = Frameworks;
			sourceTree = "<group>";
		};
		3B7D2213665CC1C5B0D2FE19 /* Pods */ = {
			isa = PBXGroup;
			children = (
				CC37FEAF2DF5658B25B6B23F /* Pods-LantechSnap.debug.xcconfig */,
				C29F6E384ACBB218FF185068 /* Pods-LantechSnap.release.xcconfig */,
			);
			path = Pods;
			sourceTree = "<group>";
		};
		847953A727A18E3700085965 = {
			isa = PBXGroup;
			children = (
				8476B38527A6710D005D7A27 /* .gitignore */,
				847953B227A18E3700085965 /* LantechSnap */,
				847953B127A18E3700085965 /* Products */,
				3B7D2213665CC1C5B0D2FE19 /* Pods */,
				06B57E15D88E0161C33F4714 /* Frameworks */,
			);
			sourceTree = "<group>";
		};
		847953B127A18E3700085965 /* Products */ = {
			isa = PBXGroup;
			children = (
				847953B027A18E3700085965 /* LantechSnap.app */,
			);
			name = Products;
			sourceTree = "<group>";
		};
		847953B227A18E3700085965 /* LantechSnap */ = {
			isa = PBXGroup;
			children = (
				847953B327A18E3700085965 /* AppDelegate.swift */,
				847953B527A18E3700085965 /* SceneDelegate.swift */,
				847953B727A18E3700085965 /* ViewController.swift */,
				847953B927A18E3700085965 /* Main.storyboard */,
				847953BC27A18E3800085965 /* Assets.xcassets */,
				847953BE27A18E3800085965 /* LaunchScreen.storyboard */,
				847953C127A18E3800085965 /* Info.plist */,
				84E5140E27A3E0F800A76637 /* MyPlayground.playground */,
			);
			path = LantechSnap;
			sourceTree = "<group>";
		};
/* End PBXGroup section */

/* Begin PBXNativeTarget section */
		847953AF27A18E3700085965 /* LantechSnap */ = {
			isa = PBXNativeTarget;
			buildConfigurationList = 847953C427A18E3800085965 /* Build configuration list for PBXNativeTarget "LantechSnap" */;
			buildPhases = (
				0A95CE810C072613B155C57D /* [CP] Check Pods Manifest.lock */,
				847953AC27A18E3700085965 /* Sources */,
				847953AD27A18E3700085965 /* Frameworks */,
				847953AE27A18E3700085965 /* Resources */,
				3CA5C35243E446B05E82050C /* [CP] Embed Pods Frameworks */,
			);
			buildRules = (
			);
			dependencies = (
			);
			name = LantechSnap;
			productName = LantechSnap;
			productReference = 847953B027A18E3700085965 /* LantechSnap.app */;
			productType = "com.apple.product-type.application";
		};
/* End PBXNativeTarget section */

/* Begin PBXProject section */
		847953A827A18E3700085965 /* Project object */ = {
			isa = PBXProject;
			attributes = {
				BuildIndependentTargetsInParallel = 1;
				LastSwiftUpdateCheck = 1310;
				LastUpgradeCheck = 1310;
				TargetAttributes = {
					847953AF27A18E3700085965 = {
						CreatedOnToolsVersion = 13.1;
					};
				};
			};
			buildConfigurationList = 847953AB27A18E3700085965 /* Build configuration list for PBXProject "LantechSnap" */;
			compatibilityVersion = "Xcode 13.0";
			developmentRegion = en;
			hasScannedForEncodings = 0;
			knownRegions = (
				en,
				Base,
			);
			mainGroup = 847953A727A18E3700085965;
			productRefGroup = 847953B127A18E3700085965 /* Products */;
			projectDirPath = "";
			projectRoot = "";
			targets = (
				847953AF27A18E3700085965 /* LantechSnap */,
			);
		};
/* End PBXProject section */

/* Begin PBXResourcesBuildPhase section */
		847953AE27A18E3700085965 /* Resources */ = {
			isa = PBXResourcesBuildPhase;
			buildActionMask = 2147483647;
			files = (
				8476B38627A6710D005D7A27 /* .gitignore in Resources */,
				847953C027A18E3800085965 /* LaunchScreen.storyboard in Resources */,
				847953BD27A18E3800085965 /* Assets.xcassets in Resources */,
				847953BB27A18E3700085965 /* Main.storyboard in Resources */,
			);
			runOnlyForDeploymentPostprocessing = 0;
		};
/* End PBXResourcesBuildPhase section */

/* Begin PBXShellScriptBuildPhase section */
		0A95CE810C072613B155C57D /* [CP] Check Pods Manifest.lock */ = {
			isa = PBXShellScriptBuildPhase;
			buildActionMask = 2147483647;
			files = (
			);
			inputFileListPaths = (
			);
			inputPaths = (
				"${PODS_PODFILE_DIR_PATH}/Podfile.lock",
				"${PODS_ROOT}/Manifest.lock",
			);
			name = "[CP] Check Pods Manifest.lock";
			outputFileListPaths = (
			);
			outputPaths = (
				"$(DERIVED_FILE_DIR)/Pods-LantechSnap-checkManifestLockResult.txt",
			);
			runOnlyForDeploymentPostprocessing = 0;
			shellPath = /bin/sh;
			shellScript = "diff \"${PODS_PODFILE_DIR_PATH}/Podfile.lock\" \"${PODS_ROOT}/Manifest.lock\" > /dev/null\nif [ $? != 0 ] ; then\n    # print error to STDERR\n    echo \"error: The sandbox is not in sync with the Podfile.lock. Run 'pod install' or update your CocoaPods installation.\" >&2\n    exit 1\nfi\n# This output is used by Xcode 'outputs' to avoid re-running this script phase.\necho \"SUCCESS\" > \"${SCRIPT_OUTPUT_FILE_0}\"\n";
			showEnvVarsInLog = 0;
		};
		3CA5C35243E446B05E82050C /* [CP] Embed Pods Frameworks */ = {
			isa = PBXShellScriptBuildPhase;
			buildActionMask = 2147483647;
			files = (
			);
			inputFileListPaths = (
				"${PODS_ROOT}/Target Support Files/Pods-LantechSnap/Pods-LantechSnap-frameworks-${CONFIGURATION}-input-files.xcfilelist",
			);
			name = "[CP] Embed Pods Frameworks";
			outputFileListPaths = (
				"${PODS_ROOT}/Target Support Files/Pods-LantechSnap/Pods-LantechSnap-frameworks-${CONFIGURATION}-output-files.xcfilelist",
			);
			runOnlyForDeploymentPostprocessing = 0;
			shellPath = /bin/sh;
			shellScript = "\"${PODS_ROOT}/Target Support Files/Pods-LantechSnap/Pods-LantechSnap-frameworks.sh\"\n";
			showEnvVarsInLog = 0;
		};
/* End PBXShellScriptBuildPhase section */

/* Begin PBXSourcesBuildPhase section */
		847953AC27A18E3700085965 /* Sources */ = {
			isa = PBXSourcesBuildPhase;
			buildActionMask = 2147483647;
			files = (
				847953B827A18E3700085965 /* ViewController.swift in Sources */,
				847953B427A18E3700085965 /* AppDelegate.swift in Sources */,
				847953B627A18E3700085965 /* SceneDelegate.swift in Sources */,
			);
			runOnlyForDeploymentPostprocessing = 0;
		};
/* End PBXSourcesBuildPhase section */

/* Begin PBXVariantGroup section */
		847953B927A18E3700085965 /* Main.storyboard */ = {
			isa = PBXVariantGroup;
			children = (
				847953BA27A18E3700085965 /* Base */,
			);
			name = Main.storyboard;
			sourceTree = "<group>";
		};
		847953BE27A18E3800085965 /* LaunchScreen.storyboard */ = {
			isa = PBXVariantGroup;
			children = (
				847953BF27A18E3800085965 /* Base */,
			);
			name = LaunchScreen.storyboard;
			sourceTree = "<group>";
		};
/* End PBXVariantGroup section */

/* Begin XCBuildConfiguration section */
		847953C227A18E3800085965 /* Debug */ = {
			isa = XCBuildConfiguration;
			buildSettings = {
				ALWAYS_SEARCH_USER_PATHS = NO;
				CLANG_ANALYZER_NONNULL = YES;
				CLANG_ANALYZER_NUMBER_OBJECT_CONVERSION = YES_AGGRESSIVE;
				CLANG_CXX_LANGUAGE_STANDARD = "gnu++17";
				CLANG_CXX_LIBRARY = "libc++";
				CLANG_ENABLE_MODULES = YES;
				CLANG_ENABLE_OBJC_ARC = YES;
				CLANG_ENABLE_OBJC_WEAK = YES;
				CLANG_WARN_BLOCK_CAPTURE_AUTORELEASING = YES;
				CLANG_WARN_BOOL_CONVERSION = YES;
				CLANG_WARN_COMMA = YES;
				CLANG_WARN_CONSTANT_CONVERSION = YES;
				CLANG_WARN_DEPRECATED_OBJC_IMPLEMENTATIONS = YES;
				CLANG_WARN_DIRECT_OBJC_ISA_USAGE = YES_ERROR;
				CLANG_WARN_DOCUMENTATION_COMMENTS = YES;
				CLANG_WARN_EMPTY_BODY = YES;
				CLANG_WARN_ENUM_CONVERSION = YES;
				CLANG_WARN_INFINITE_RECURSION = YES;
				CLANG_WARN_INT_CONVERSION = YES;
				CLANG_WARN_NON_LITERAL_NULL_CONVERSION = YES;
				CLANG_WARN_OBJC_IMPLICIT_RETAIN_SELF = YES;
				CLANG_WARN_OBJC_LITERAL_CONVERSION = YES;
				CLANG_WARN_OBJC_ROOT_CLASS = YES_ERROR;
				CLANG_WARN_QUOTED_INCLUDE_IN_FRAMEWORK_HEADER = YES;
				CLANG_WARN_RANGE_LOOP_ANALYSIS = YES;
				CLANG_WARN_STRICT_PROTOTYPES = YES;
				CLANG_WARN_SUSPICIOUS_MOVE = YES;
				CLANG_WARN_UNGUARDED_AVAILABILITY = YES_AGGRESSIVE;
				CLANG_WARN_UNREACHABLE_CODE = YES;
				CLANG_WARN__DUPLICATE_METHOD_MATCH = YES;
				COPY_PHASE_STRIP = NO;
				DEBUG_INFORMATION_FORMAT = dwarf;
				ENABLE_STRICT_OBJC_MSGSEND = YES;
				ENABLE_TESTABILITY = YES;
				GCC_C_LANGUAGE_STANDARD = gnu11;
				GCC_DYNAMIC_NO_PIC = NO;
				GCC_NO_COMMON_BLOCKS = YES;
				GCC_OPTIMIZATION_LEVEL = 0;
				GCC_PREPROCESSOR_DEFINITIONS = (
					"DEBUG=1",
					"$(inherited)",
				);
				GCC_WARN_64_TO_32_BIT_CONVERSION = YES;
				GCC_WARN_ABOUT_RETURN_TYPE = YES_ERROR;
				GCC_WARN_UNDECLARED_SELECTOR = YES;
				GCC_WARN_UNINITIALIZED_AUTOS = YES_AGGRESSIVE;
				GCC_WARN_UNUSED_FUNCTION = YES;
				GCC_WARN_UNUSED_VARIABLE = YES;
				IPHONEOS_DEPLOYMENT_TARGET = 15.0;
				MTL_ENABLE_DEBUG_INFO = INCLUDE_SOURCE;
				MTL_FAST_MATH = YES;
				ONLY_ACTIVE_ARCH = YES;
				SDKROOT = iphoneos;
				SWIFT_ACTIVE_COMPILATION_CONDITIONS = DEBUG;
				SWIFT_OPTIMIZATION_LEVEL = "-Onone";
			};
			name = Debug;
		};
		847953C327A18E3800085965 /* Release */ = {
			isa = XCBuildConfiguration;
			buildSettings = {
				ALWAYS_SEARCH_USER_PATHS = NO;
				CLANG_ANALYZER_NONNULL = YES;
				CLANG_ANALYZER_NUMBER_OBJECT_CONVERSION = YES_AGGRESSIVE;
				CLANG_CXX_LANGUAGE_STANDARD = "gnu++17";
				CLANG_CXX_LIBRARY = "libc++";
				CLANG_ENABLE_MODULES = YES;
				CLANG_ENABLE_OBJC_ARC = YES;
				CLANG_ENABLE_OBJC_WEAK = YES;
				CLANG_WARN_BLOCK_CAPTURE_AUTORELEASING = YES;
				CLANG_WARN_BOOL_CONVERSION = YES;
				CLANG_WARN_COMMA = YES;
				CLANG_WARN_CONSTANT_CONVERSION = YES;
				CLANG_WARN_DEPRECATED_OBJC_IMPLEMENTATIONS = YES;
				CLANG_WARN_DIRECT_OBJC_ISA_USAGE = YES_ERROR;
				CLANG_WARN_DOCUMENTATION_COMMENTS = YES;
				CLANG_WARN_EMPTY_BODY = YES;
				CLANG_WARN_ENUM_CONVERSION = YES;
				CLANG_WARN_INFINITE_RECURSION = YES;
				CLANG_WARN_INT_CONVERSION = YES;
				CLANG_WARN_NON_LITERAL_NULL_CONVERSION = YES;
				CLANG_WARN_OBJC_IMPLICIT_RETAIN_SELF = YES;
				CLANG_WARN_OBJC_LITERAL_CONVERSION = YES;
				CLANG_WARN_OBJC_ROOT_CLASS = YES_ERROR;
				CLANG_WARN_QUOTED_INCLUDE_IN_FRAMEWORK_HEADER = YES;
				CLANG_WARN_RANGE_LOOP_ANALYSIS = YES;
				CLANG_WARN_STRICT_PROTOTYPES = YES;
				CLANG_WARN_SUSPICIOUS_MOVE = YES;
				CLANG_WARN_UNGUARDED_AVAILABILITY = YES_AGGRESSIVE;
				CLANG_WARN_UNREACHABLE_CODE = YES;
				CLANG_WARN__DUPLICATE_METHOD_MATCH = YES;
				COPY_PHASE_STRIP = NO;
				DEBUG_INFORMATION_FORMAT = "dwarf-with-dsym";
				ENABLE_NS_ASSERTIONS = NO;
				ENABLE_STRICT_OBJC_MSGSEND = YES;
				GCC_C_LANGUAGE_STANDARD = gnu11;
				GCC_NO_COMMON_BLOCKS = YES;
				GCC_WARN_64_TO_32_BIT_CONVERSION = YES;
				GCC_WARN_ABOUT_RETURN_TYPE = YES_ERROR;
				GCC_WARN_UNDECLARED_SELECTOR = YES;
				GCC_WARN_UNINITIALIZED_AUTOS = YES_AGGRESSIVE;
				GCC_WARN_UNUSED_FUNCTION = YES;
				GCC_WARN_UNUSED_VARIABLE = YES;
				IPHONEOS_DEPLOYMENT_TARGET = 15.0;
				MTL_ENABLE_DEBUG_INFO = NO;
				MTL_FAST_MATH = YES;
				SDKROOT = iphoneos;
				SWIFT_COMPILATION_MODE = wholemodule;
				SWIFT_OPTIMIZATION_LEVEL = "-O";
				VALIDATE_PRODUCT = YES;
			};
			name = Release;
		};
		847953C527A18E3800085965 /* Debug */ = {
			isa = XCBuildConfiguration;
			baseConfigurationReference = CC37FEAF2DF5658B25B6B23F /* Pods-LantechSnap.debug.xcconfig */;
			buildSettings = {
				ASSETCATALOG_COMPILER_APPICON_NAME = AppIcon;
				ASSETCATALOG_COMPILER_GLOBAL_ACCENT_COLOR_NAME = AccentColor;
				CODE_SIGN_STYLE = Automatic;
				CURRENT_PROJECT_VERSION = 1;
				DEVELOPMENT_TEAM = RX5Y3YGAM3;
				GENERATE_INFOPLIST_FILE = YES;
				INFOPLIST_FILE = LantechSnap/Info.plist;
				INFOPLIST_KEY_UIApplicationSupportsIndirectInputEvents = YES;
				INFOPLIST_KEY_UILaunchStoryboardName = LaunchScreen;
				INFOPLIST_KEY_UIMainStoryboardFile = Main;
				INFOPLIST_KEY_UISupportedInterfaceOrientations = UIInterfaceOrientationPortrait;
				INFOPLIST_KEY_UISupportedInterfaceOrientations_iPad = "UIInterfaceOrientationPortrait UIInterfaceOrientationPortraitUpsideDown UIInterfaceOrientationLandscapeLeft UIInterfaceOrientationLandscapeRight";
				INFOPLIST_KEY_UISupportedInterfaceOrientations_iPhone = "UIInterfaceOrientationPortrait UIInterfaceOrientationLandscapeLeft UIInterfaceOrientationLandscapeRight";
				LD_RUNPATH_SEARCH_PATHS = (
					"$(inherited)",
					"@executable_path/Frameworks",
				);
				MARKETING_VERSION = 1.0;
				PRODUCT_BUNDLE_IDENTIFIER = ru.int24.LantechSnap;
				PRODUCT_NAME = "$(TARGET_NAME)";
				SWIFT_EMIT_LOC_STRINGS = YES;
				SWIFT_VERSION = 5.0;
				TARGETED_DEVICE_FAMILY = 1;
			};
			name = Debug;
		};
		847953C627A18E3800085965 /* Release */ = {
			isa = XCBuildConfiguration;
			baseConfigurationReference = C29F6E384ACBB218FF185068 /* Pods-LantechSnap.release.xcconfig */;
			buildSettings = {
				ASSETCATALOG_COMPILER_APPICON_NAME = AppIcon;
				ASSETCATALOG_COMPILER_GLOBAL_ACCENT_COLOR_NAME = AccentColor;
				CODE_SIGN_STYLE = Automatic;
				CURRENT_PROJECT_VERSION = 1;
				DEVELOPMENT_TEAM = RX5Y3YGAM3;
				GENERATE_INFOPLIST_FILE = YES;
				INFOPLIST_FILE = LantechSnap/Info.plist;
				INFOPLIST_KEY_UIApplicationSupportsIndirectInputEvents = YES;
				INFOPLIST_KEY_UILaunchStoryboardName = LaunchScreen;
				INFOPLIST_KEY_UIMainStoryboardFile = Main;
				INFOPLIST_KEY_UISupportedInterfaceOrientations = UIInterfaceOrientationPortrait;
				INFOPLIST_KEY_UISupportedInterfaceOrientations_iPad = "UIInterfaceOrientationPortrait UIInterfaceOrientationPortraitUpsideDown UIInterfaceOrientationLandscapeLeft UIInterfaceOrientationLandscapeRight";
				INFOPLIST_KEY_UISupportedInterfaceOrientations_iPhone = "UIInterfaceOrientationPortrait UIInterfaceOrientationLandscapeLeft UIInterfaceOrientationLandscapeRight";
				LD_RUNPATH_SEARCH_PATHS = (
					"$(inherited)",
					"@executable_path/Frameworks",
				);
				MARKETING_VERSION = 1.0;
				PRODUCT_BUNDLE_IDENTIFIER = ru.int24.LantechSnap;
				PRODUCT_NAME = "$(TARGET_NAME)";
				SWIFT_EMIT_LOC_STRINGS = YES;
				SWIFT_VERSION = 5.0;
				TARGETED_DEVICE_FAMILY = 1;
			};
			name = Release;
		};
/* End XCBuildConfiguration section */

/* Begin XCConfigurationList section */
		847953AB27A18E3700085965 /* Build configuration list for PBXProject "LantechSnap" */ = {
			isa = XCConfigurationList;
			buildConfigurations = (
				847953C227A18E3800085965 /* Debug */,
				847953C327A18E3800085965 /* Release */,
			);
			defaultConfigurationIsVisible = 0;
			defaultConfigurationName = Release;
		};
		847953C427A18E3800085965 /* Build configuration list for PBXNativeTarget "LantechSnap" */ = {
			isa = XCConfigurationList;
			buildConfigurations = (
				847953C527A18E3800085965 /* Debug */,
				847953C627A18E3800085965 /* Release */,
			);
			defaultConfigurationIsVisible = 0;
			defaultConfigurationName = Release;
		};
/* End XCConfigurationList section */
	};
	rootObject = 847953A827A18E3700085965 /* Project object */;
}
